
Microsoft Visual Studio Solution File, Format Version 12.00
# Visual Studio 15
VisualStudioVersion = 15.0.27703.2035
MinimumVisualStudioVersion = 10.0.40219.1
Project("{9A19103F-16F7-4668-BE54-9A1E7A4F7556}") = "LNLamasAPI", "LNLamasAPI\LNLamasAPI.csproj", "{97D61D6B-9E28-4651-88FF-D8FA7109DB21}"
EndProject
Project("{9A19103F-16F7-4668-BE54-9A1E7A4F7556}") = "LNLamasAPI.Tests", "LNLamasAPI.Tests\LNLamasAPI.Tests.csproj", "{C242D10D-F68F-40E0-9F30-145E7445B73D}"
EndProject
Project("{9A19103F-16F7-4668-BE54-9A1E7A4F7556}") = "LNLamasAPI.Tests.Integration", "LNLamasAPI.Tests.Integration\LNLamasAPI.Tests.Integration.csproj", "{DF49DF21-2BF7-4CB5-B710-6C361BD626B8}"
EndProject
Project("{2150E333-8FDC-42A3-9474-1A3956D46DE8}") = "Tests", "Tests", "{6E438151-98F2-4D43-B62A-38E6879F4E8D}"
EndProject
Project("{2150E333-8FDC-42A3-9474-1A3956D46DE8}") = "API", "API", "{DF060E9D-828B-4B62-B324-E3F632BF195D}"
EndProject
Project("{9A19103F-16F7-4668-BE54-9A1E7A4F7556}") = "Example.Seed", "..\Example.Seed\Example.Seed.csproj", "{925ECE21-B7B2-4306-9972-700DBDB9BAB5}"
EndProject
Project("{2150E333-8FDC-42A3-9474-1A3956D46DE8}") = "Examples", "Examples", "{6C9271A0-CFC7-4C21-A929-C2D5D26C6242}"
EndProject
Global
	GlobalSection(SolutionConfigurationPlatforms) = preSolution
		Debug|Any CPU = Debug|Any CPU
		Release|Any CPU = Release|Any CPU
	EndGlobalSection
	GlobalSection(ProjectConfigurationPlatforms) = postSolution
		{97D61D6B-9E28-4651-88FF-D8FA7109DB21}.Debug|Any CPU.ActiveCfg = Debug|Any CPU
		{97D61D6B-9E28-4651-88FF-D8FA7109DB21}.Debug|Any CPU.Build.0 = Debug|Any CPU
		{97D61D6B-9E28-4651-88FF-D8FA7109DB21}.Release|Any CPU.ActiveCfg = Release|Any CPU
		{97D61D6B-9E28-4651-88FF-D8FA7109DB21}.Release|Any CPU.Build.0 = Release|Any CPU
		{C242D10D-F68F-40E0-9F30-145E7445B73D}.Debug|Any CPU.ActiveCfg = Debug|Any CPU
		{C242D10D-F68F-40E0-9F30-145E7445B73D}.Debug|Any CPU.Build.0 = Debug|Any CPU
		{C242D10D-F68F-40E0-9F30-145E7445B73D}.Release|Any CPU.ActiveCfg = Release|Any CPU
		{C242D10D-F68F-40E0-9F30-145E7445B73D}.Release|Any CPU.Build.0 = Release|Any CPU
		{DF49DF21-2BF7-4CB5-B710-6C361BD626B8}.Debug|Any CPU.ActiveCfg = Debug|Any CPU
		{DF49DF21-2BF7-4CB5-B710-6C361BD626B8}.Debug|Any CPU.Build.0 = Debug|Any CPU
		{DF49DF21-2BF7-4CB5-B710-6C361BD626B8}.Release|Any CPU.ActiveCfg = Release|Any CPU
		{DF49DF21-2BF7-4CB5-B710-6C361BD626B8}.Release|Any CPU.Build.0 = Release|Any CPU
		{925ECE21-B7B2-4306-9972-700DBDB9BAB5}.Debug|Any CPU.ActiveCfg = Debug|Any CPU
		{925ECE21-B7B2-4306-9972-700DBDB9BAB5}.Debug|Any CPU.Build.0 = Debug|Any CPU
		{925ECE21-B7B2-4306-9972-700DBDB9BAB5}.Release|Any CPU.ActiveCfg = Release|Any CPU
		{925ECE21-B7B2-4306-9972-700DBDB9BAB5}.Release|Any CPU.Build.0 = Release|Any CPU
	EndGlobalSection
	GlobalSection(SolutionProperties) = preSolution
		HideSolutionNode = FALSE
	EndGlobalSection
	GlobalSection(NestedProjects) = preSolution
		{97D61D6B-9E28-4651-88FF-D8FA7109DB21} = {DF060E9D-828B-4B62-B324-E3F632BF195D}
		{C242D10D-F68F-40E0-9F30-145E7445B73D} = {6E438151-98F2-4D43-B62A-38E6879F4E8D}
		{DF49DF21-2BF7-4CB5-B710-6C361BD626B8} = {6E438151-98F2-4D43-B62A-38E6879F4E8D}
		{925ECE21-B7B2-4306-9972-700DBDB9BAB5} = {6C9271A0-CFC7-4C21-A929-C2D5D26C6242}
	EndGlobalSection
	GlobalSection(ExtensibilityGlobals) = postSolution
		SolutionGuid = {35728C59-8269-4212-80AA-43E17E46D8D3}
	EndGlobalSection
EndGlobal
